
Microsoft Visual Studio Solution File, Format Version 12.00
# Visual Studio Version 17
VisualStudioVersion = 17.2.32505.173
MinimumVisualStudioVersion = 10.0.40219.1
Project("{FAE04EC0-301F-11D3-BF4B-00C04F79EFBC}") = "Ejercicio-7", "Ejercicio-7\Ejercicio-7.csproj", "{115A73B8-4A75-46CB-810E-69301C7087F2}"
EndProject
Global
	GlobalSection(SolutionConfigurationPlatforms) = preSolution
		Debug|Any CPU = Debug|Any CPU
		Release|Any CPU = Release|Any CPU
	EndGlobalSection
	GlobalSection(ProjectConfigurationPlatforms) = postSolution
		{115A73B8-4A75-46CB-810E-69301C7087F2}.Debug|Any CPU.ActiveCfg = Debug|Any CPU
		{115A73B8-4A75-46CB-810E-69301C7087F2}.Debug|Any CPU.Build.0 = Debug|Any CPU
		{115A73B8-4A75-46CB-810E-69301C7087F2}.Release|Any CPU.ActiveCfg = Release|Any CPU
		{115A73B8-4A75-46CB-810E-69301C7087F2}.Release|Any CPU.Build.0 = Release|Any CPU
	EndGlobalSection
	GlobalSection(SolutionProperties) = preSolution
		HideSolutionNode = FALSE
	EndGlobalSection
	GlobalSection(ExtensibilityGlobals) = postSolution
		SolutionGuid = {20F4BC34-5CAB-43C6-BE67-72826B202C7D}
	EndGlobalSection
EndGlobal
